
Microsoft Visual Studio Solution File, Format Version 12.00
# Visual Studio Version 16
VisualStudioVersion = 16.0.29306.81
MinimumVisualStudioVersion = 10.0.40219.1
Project("{FAE04EC0-301F-11D3-BF4B-00C04F79EFBC}") = "TankFlow", "TankFlow\TankFlow.csproj", "{F2B60B0A-AF2E-4ECE-A26D-ACCDDA20390B}"
EndProject
Project("{8BC9CEB8-8B4A-11D0-8D11-00A0C91BC942}") = "TankLoginPlus", "TankLoginPlus\TankLoginPlus.vcxproj", "{7ECE4679-F91C-4FB8-8CB6-30B9581DBE80}"
EndProject
Project("{54435603-DBB4-11D2-8724-00A0C9A8B90C}") = "Setup", "Setup\Setup.vdproj", "{F1B328F6-7716-4C24-B30A-9C7918A546B6}"
EndProject
Global
	GlobalSection(SolutionConfigurationPlatforms) = preSolution
		Debug|Any CPU = Debug|Any CPU
		Debug|x64 = Debug|x64
		Debug|x86 = Debug|x86
		Release|Any CPU = Release|Any CPU
		Release|x64 = Release|x64
		Release|x86 = Release|x86
	EndGlobalSection
	GlobalSection(ProjectConfigurationPlatforms) = postSolution
		{F2B60B0A-AF2E-4ECE-A26D-ACCDDA20390B}.Debug|Any CPU.ActiveCfg = Debug|Any CPU
		{F2B60B0A-AF2E-4ECE-A26D-ACCDDA20390B}.Debug|Any CPU.Build.0 = Debug|Any CPU
		{F2B60B0A-AF2E-4ECE-A26D-ACCDDA20390B}.Debug|x64.ActiveCfg = Debug|Any CPU
		{F2B60B0A-AF2E-4ECE-A26D-ACCDDA20390B}.Debug|x64.Build.0 = Debug|Any CPU
		{F2B60B0A-AF2E-4ECE-A26D-ACCDDA20390B}.Debug|x86.ActiveCfg = Debug|Any CPU
		{F2B60B0A-AF2E-4ECE-A26D-ACCDDA20390B}.Debug|x86.Build.0 = Debug|Any CPU
		{F2B60B0A-AF2E-4ECE-A26D-ACCDDA20390B}.Release|Any CPU.ActiveCfg = Release|Any CPU
		{F2B60B0A-AF2E-4ECE-A26D-ACCDDA20390B}.Release|Any CPU.Build.0 = Release|Any CPU
		{F2B60B0A-AF2E-4ECE-A26D-ACCDDA20390B}.Release|x64.ActiveCfg = Release|Any CPU
		{F2B60B0A-AF2E-4ECE-A26D-ACCDDA20390B}.Release|x64.Build.0 = Release|Any CPU
		{F2B60B0A-AF2E-4ECE-A26D-ACCDDA20390B}.Release|x86.ActiveCfg = Release|Any CPU
		{F2B60B0A-AF2E-4ECE-A26D-ACCDDA20390B}.Release|x86.Build.0 = Release|Any CPU
		{7ECE4679-F91C-4FB8-8CB6-30B9581DBE80}.Debug|Any CPU.ActiveCfg = Debug|Win32
		{7ECE4679-F91C-4FB8-8CB6-30B9581DBE80}.Debug|x64.ActiveCfg = Debug|x64
		{7ECE4679-F91C-4FB8-8CB6-30B9581DBE80}.Debug|x64.Build.0 = Debug|x64
		{7ECE4679-F91C-4FB8-8CB6-30B9581DBE80}.Debug|x86.ActiveCfg = Debug|Win32
		{7ECE4679-F91C-4FB8-8CB6-30B9581DBE80}.Debug|x86.Build.0 = Debug|Win32
		{7ECE4679-F91C-4FB8-8CB6-30B9581DBE80}.Release|Any CPU.ActiveCfg = Release|Win32
		{7ECE4679-F91C-4FB8-8CB6-30B9581DBE80}.Release|Any CPU.Build.0 = Release|Win32
		{7ECE4679-F91C-4FB8-8CB6-30B9581DBE80}.Release|x64.ActiveCfg = Release|x64
		{7ECE4679-F91C-4FB8-8CB6-30B9581DBE80}.Release|x64.Build.0 = Release|x64
		{7ECE4679-F91C-4FB8-8CB6-30B9581DBE80}.Release|x86.ActiveCfg = Release|Win32
		{7ECE4679-F91C-4FB8-8CB6-30B9581DBE80}.Release|x86.Build.0 = Release|Win32
		{F1B328F6-7716-4C24-B30A-9C7918A546B6}.Debug|Any CPU.ActiveCfg = Debug
		{F1B328F6-7716-4C24-B30A-9C7918A546B6}.Debug|x64.ActiveCfg = Debug
		{F1B328F6-7716-4C24-B30A-9C7918A546B6}.Debug|x86.ActiveCfg = Debug
		{F1B328F6-7716-4C24-B30A-9C7918A546B6}.Release|Any CPU.ActiveCfg = Release
		{F1B328F6-7716-4C24-B30A-9C7918A546B6}.Release|x64.ActiveCfg = Release
		{F1B328F6-7716-4C24-B30A-9C7918A546B6}.Release|x86.ActiveCfg = Release
	EndGlobalSection
	GlobalSection(SolutionProperties) = preSolution
		HideSolutionNode = FALSE
	EndGlobalSection
	GlobalSection(ExtensibilityGlobals) = postSolution
		SolutionGuid = {C39E1233-B6C2-48E9-9F95-457402A65597}
	EndGlobalSection
EndGlobal
